{
  "requires": true,
  "lockfileVersion": 1,
  "dependencies": {
    "browsix": {
      "version": "0.9.2",
      "resolved": "https://registry.npmjs.org/browsix/-/browsix-0.9.2.tgz",
      "integrity": "sha1-IdC0W4PpN5emH6B5JhB7sklSNhc=",
      "requires": {
        "node-binary-marshal": "0.4.2",
        "term.js": "github:bpowers/term.js#f61d2ae70a4a6655bb3ecb560495e93cc99c25c9"
      }
    },
    "node-binary-marshal": {
      "version": "0.4.2",
      "resolved": "https://registry.npmjs.org/node-binary-marshal/-/node-binary-marshal-0.4.2.tgz",
      "integrity": "sha1-+Ai9Yc5OzZQl7OhLRiIGlctgSWM="
    },
    "term.js": {
      "version": "github:bpowers/term.js#f61d2ae70a4a6655bb3ecb560495e93cc99c25c9"
    }
  }
}
